
Microsoft Visual Studio Solution File, Format Version 12.00
Project("{FAE04EC0-301F-11D3-BF4B-00C04F79EFBC}") = "SendMail", "SendMail\SendMail.csproj", "{1AB9AE61-8A25-4C11-BA6F-B8654B35B5B9}"
EndProject
Global
	GlobalSection(SolutionConfigurationPlatforms) = preSolution
		Debug|Any CPU = Debug|Any CPU
		Release|Any CPU = Release|Any CPU
	EndGlobalSection
	GlobalSection(ProjectConfigurationPlatforms) = postSolution
		{1AB9AE61-8A25-4C11-BA6F-B8654B35B5B9}.Debug|Any CPU.ActiveCfg = Debug|Any CPU
		{1AB9AE61-8A25-4C11-BA6F-B8654B35B5B9}.Debug|Any CPU.Build.0 = Debug|Any CPU
		{1AB9AE61-8A25-4C11-BA6F-B8654B35B5B9}.Release|Any CPU.ActiveCfg = Release|Any CPU
		{1AB9AE61-8A25-4C11-BA6F-B8654B35B5B9}.Release|Any CPU.Build.0 = Release|Any CPU
	EndGlobalSection
EndGlobal
